
Microsoft Visual Studio Solution File, Format Version 12.00
# Visual Studio Version 17
VisualStudioVersion = 17.14.36127.28
MinimumVisualStudioVersion = 10.0.40219.1
Project("{FAE04EC0-301F-11D3-BF4B-00C04F79EFBC}") = "DiagramBlazorApp", "DiagramBlazorApp\DiagramBlazorApp.csproj", "{FD0445D1-0DE5-419E-A1CD-9FFE19B4E46B}"
EndProject
Global
	GlobalSection(SolutionConfigurationPlatforms) = preSolution
		Debug|Any CPU = Debug|Any CPU
		Release|Any CPU = Release|Any CPU
	EndGlobalSection
	GlobalSection(ProjectConfigurationPlatforms) = postSolution
		{FD0445D1-0DE5-419E-A1CD-9FFE19B4E46B}.Debug|Any CPU.ActiveCfg = Debug|Any CPU
		{FD0445D1-0DE5-419E-A1CD-9FFE19B4E46B}.Debug|Any CPU.Build.0 = Debug|Any CPU
		{FD0445D1-0DE5-419E-A1CD-9FFE19B4E46B}.Release|Any CPU.ActiveCfg = Release|Any CPU
		{FD0445D1-0DE5-419E-A1CD-9FFE19B4E46B}.Release|Any CPU.Build.0 = Release|Any CPU
	EndGlobalSection
	GlobalSection(SolutionProperties) = preSolution
		HideSolutionNode = FALSE
	EndGlobalSection
	GlobalSection(ExtensibilityGlobals) = postSolution
		SolutionGuid = {3AEEAE2E-FCED-4EEE-800C-90A866B2932D}
	EndGlobalSection
EndGlobal
